// !$*UTF8*$!
{
	archiveVersion = 1;
	classes = {
	};
	objectVersion = 46;
	objects = {

/* Begin PBXBuildFile section */
		459E767B16653B760052945E /* UIKit.framework in Frameworks */ = {isa = PBXBuildFile; fileRef = 459E767A16653B760052945E /* UIKit.framework */; };
		459E767D16653B760052945E /* Foundation.framework in Frameworks */ = {isa = PBXBuildFile; fileRef = 459E767C16653B760052945E /* Foundation.framework */; };
		459E767F16653B760052945E /* CoreGraphics.framework in Frameworks */ = {isa = PBXBuildFile; fileRef = 459E767E16653B760052945E /* CoreGraphics.framework */; };
		459E768516653B760052945E /* InfoPlist.strings in Resources */ = {isa = PBXBuildFile; fileRef = 459E768316653B760052945E /* InfoPlist.strings */; };
		459E768716653B760052945E /* main.m in Sources */ = {isa = PBXBuildFile; fileRef = 459E768616653B760052945E /* main.m */; };
		459E768B16653B760052945E /* AppDelegate.m in Sources */ = {isa = PBXBuildFile; fileRef = 459E768A16653B760052945E /* AppDelegate.m */; };
		459E768D16653B760052945E /* Default.png in Resources */ = {isa = PBXBuildFile; fileRef = 459E768C16653B760052945E /* Default.png */; };
		459E768F16653B760052945E /* Default@2x.png in Resources */ = {isa = PBXBuildFile; fileRef = 459E768E16653B760052945E /* Default@2x.png */; };
		459E769116653B760052945E /* Default-568h@2x.png in Resources */ = {isa = PBXBuildFile; fileRef = 459E769016653B760052945E /* Default-568h@2x.png */; };
		459E769416653B760052945E /* MainStoryboard_iPhone.storyboard in Resources */ = {isa = PBXBuildFile; fileRef = 459E769216653B760052945E /* MainStoryboard_iPhone.storyboard */; };
		459E769A16653B760052945E /* ViewController.m in Sources */ = {isa = PBXBuildFile; fileRef = 459E769916653B760052945E /* ViewController.m */; };
		459E76A216653B770052945E /* SenTestingKit.framework in Frameworks */ = {isa = PBXBuildFile; fileRef = 459E76A116653B770052945E /* SenTestingKit.framework */; };
		459E76A316653B770052945E /* UIKit.framework in Frameworks */ = {isa = PBXBuildFile; fileRef = 459E767A16653B760052945E /* UIKit.framework */; };
		459E76A416653B770052945E /* Foundation.framework in Frameworks */ = {isa = PBXBuildFile; fileRef = 459E767C16653B760052945E /* Foundation.framework */; };
		459E76AC16653B770052945E /* InfoPlist.strings in Resources */ = {isa = PBXBuildFile; fileRef = 459E76AA16653B770052945E /* InfoPlist.strings */; };
		459E76AF16653B770052945E /* testAppTests.m in Sources */ = {isa = PBXBuildFile; fileRef = 459E76AE16653B770052945E /* testAppTests.m */; };
/* End PBXBuildFile section */

/* Begin PBXContainerItemProxy section */
		459E76A516653B770052945E /* PBXContainerItemProxy */ = {
			isa = PBXContainerItemProxy;
			containerPortal = 459E766D16653B760052945E /* Project object */;
			proxyType = 1;
			remoteGlobalIDString = 459E767516653B760052945E;
			remoteInfo = testApp;
		};
/* End PBXContainerItemProxy section */

/* Begin PBXFileReference section */
		459E767616653B760052945E /* testApp.app */ = {isa = PBXFileReference; explicitFileType = wrapper.application; includeInIndex = 0; path = testApp.app; sourceTree = BUILT_PRODUCTS_DIR; };
		459E767A16653B760052945E /* UIKit.framework */ = {isa = PBXFileReference; lastKnownFileType = wrapper.framework; name = UIKit.framework; path = System/Library/Frameworks/UIKit.framework; sourceTree = SDKROOT; };
		459E767C16653B760052945E /* Foundation.framework */ = {isa = PBXFileReference; lastKnownFileType = wrapper.framework; name = Foundation.framework; path = System/Library/Frameworks/Foundation.framework; sourceTree = SDKROOT; };
		459E767E16653B760052945E /* CoreGraphics.framework */ = {isa = PBXFileReference; lastKnownFileType = wrapper.framework; name = CoreGraphics.framework; path = System/Library/Frameworks/CoreGraphics.framework; sourceTree = SDKROOT; };
		459E768216653B760052945E /* testApp-Info.plist */ = {isa = PBXFileReference; lastKnownFileType = text.plist.xml; path = "testApp-Info.plist"; sourceTree = "<group>"; };
		459E768416653B760052945E /* en */ = {isa = PBXFileReference; lastKnownFileType = text.plist.strings; name = en; path = en.lproj/InfoPlist.strings; sourceTree = "<group>"; };
		459E768616653B760052945E /* main.m */ = {isa = PBXFileReference; lastKnownFileType = sourcecode.c.objc; path = main.m; sourceTree = "<group>"; };
		459E768816653B760052945E /* testApp-Prefix.pch */ = {isa = PBXFileReference; lastKnownFileType = sourcecode.c.h; path = "testApp-Prefix.pch"; sourceTree = "<group>"; };
		459E768916653B760052945E /* AppDelegate.h */ = {isa = PBXFileReference; lastKnownFileType = sourcecode.c.h; path = AppDelegate.h; sourceTree = "<group>"; };
		459E768A16653B760052945E /* AppDelegate.m */ = {isa = PBXFileReference; lastKnownFileType = sourcecode.c.objc; path = AppDelegate.m; sourceTree = "<group>"; };
		459E768C16653B760052945E /* Default.png */ = {isa = PBXFileReference; lastKnownFileType = image.png; path = Default.png; sourceTree = "<group>"; };
		459E768E16653B760052945E /* Default@2x.png */ = {isa = PBXFileReference; lastKnownFileType = image.png; path = "Default@2x.png"; sourceTree = "<group>"; };
		459E769016653B760052945E /* Default-568h@2x.png */ = {isa = PBXFileReference; lastKnownFileType = image.png; path = "Default-568h@2x.png"; sourceTree = "<group>"; };
		459E769316653B760052945E /* en */ = {isa = PBXFileReference; lastKnownFileType = file.storyboard; name = en; path = en.lproj/MainStoryboard_iPhone.storyboard; sourceTree = "<group>"; };
		459E769816653B760052945E /* ViewController.h */ = {isa = PBXFileReference; lastKnownFileType = sourcecode.c.h; path = ViewController.h; sourceTree = "<group>"; };
		459E769916653B760052945E /* ViewController.m */ = {isa = PBXFileReference; lastKnownFileType = sourcecode.c.objc; path = ViewController.m; sourceTree = "<group>"; };
		459E76A016653B770052945E /* testAppTests.octest */ = {isa = PBXFileReference; explicitFileType = wrapper.cfbundle; includeInIndex = 0; path = testAppTests.octest; sourceTree = BUILT_PRODUCTS_DIR; };
		459E76A116653B770052945E /* SenTestingKit.framework */ = {isa = PBXFileReference; lastKnownFileType = wrapper.framework; name = SenTestingKit.framework; path = Library/Frameworks/SenTestingKit.framework; sourceTree = DEVELOPER_DIR; };
		459E76A916653B770052945E /* testAppTests-Info.plist */ = {isa = PBXFileReference; lastKnownFileType = text.plist.xml; path = "testAppTests-Info.plist"; sourceTree = "<group>"; };
		459E76AB16653B770052945E /* en */ = {isa = PBXFileReference; lastKnownFileType = text.plist.strings; name = en; path = en.lproj/InfoPlist.strings; sourceTree = "<group>"; };
		459E76AD16653B770052945E /* testAppTests.h */ = {isa = PBXFileReference; lastKnownFileType = sourcecode.c.h; path = testAppTests.h; sourceTree = "<group>"; };
		459E76AE16653B770052945E /* testAppTests.m */ = {isa = PBXFileReference; lastKnownFileType = sourcecode.c.objc; path = testAppTests.m; sourceTree = "<group>"; };
/* End PBXFileReference section */

/* Begin PBXFrameworksBuildPhase section */
		459E767316653B760052945E /* Frameworks */ = {
			isa = PBXFrameworksBuildPhase;
			buildActionMask = 2147483647;
			files = (
				459E767B16653B760052945E /* UIKit.framework in Frameworks */,
				459E767D16653B760052945E /* Foundation.framework in Frameworks */,
				459E767F16653B760052945E /* CoreGraphics.framework in Frameworks */,
			);
			runOnlyForDeploymentPostprocessing = 0;
		};
		459E769C16653B770052945E /* Frameworks */ = {
			isa = PBXFrameworksBuildPhase;
			buildActionMask = 2147483647;
			files = (
				459E76A216653B770052945E /* SenTestingKit.framework in Frameworks */,
				459E76A316653B770052945E /* UIKit.framework in Frameworks */,
				459E76A416653B770052945E /* Foundation.framework in Frameworks */,
			);
			runOnlyForDeploymentPostprocessing = 0;
		};
/* End PBXFrameworksBuildPhase section */

/* Begin PBXGroup section */
		459E766B16653B760052945E = {
			isa = PBXGroup;
			children = (
				459E768016653B760052945E /* testApp */,
				459E76A716653B770052945E /* testAppTests */,
				459E767916653B760052945E /* Frameworks */,
				459E767716653B760052945E /* Products */,
			);
			sourceTree = "<group>";
		};
		459E767716653B760052945E /* Products */ = {
			isa = PBXGroup;
			children = (
				459E767616653B760052945E /* testApp.app */,
				459E76A016653B770052945E /* testAppTests.octest */,
			);
			name = Products;
			sourceTree = "<group>";
		};
		459E767916653B760052945E /* Frameworks */ = {
			isa = PBXGroup;
			children = (
				459E767A16653B760052945E /* UIKit.framework */,
				459E767C16653B760052945E /* Foundation.framework */,
				459E767E16653B760052945E /* CoreGraphics.framework */,
				459E76A116653B770052945E /* SenTestingKit.framework */,
			);
			name = Frameworks;
			sourceTree = "<group>";
		};
		459E768016653B760052945E /* testApp */ = {
			isa = PBXGroup;
			children = (
				459E768916653B760052945E /* AppDelegate.h */,
				459E768A16653B760052945E /* AppDelegate.m */,
				459E769216653B760052945E /* MainStoryboard_iPhone.storyboard */,
				459E769816653B760052945E /* ViewController.h */,
				459E769916653B760052945E /* ViewController.m */,
				459E768116653B760052945E /* Supporting Files */,
			);
			path = testApp;
			sourceTree = "<group>";
		};
		459E768116653B760052945E /* Supporting Files */ = {
			isa = PBXGroup;
			children = (
				459E768216653B760052945E /* testApp-Info.plist */,
				459E768316653B760052945E /* InfoPlist.strings */,
				459E768616653B760052945E /* main.m */,
				459E768816653B760052945E /* testApp-Prefix.pch */,
				459E768C16653B760052945E /* Default.png */,
				459E768E16653B760052945E /* Default@2x.png */,
				459E769016653B760052945E /* Default-568h@2x.png */,
			);
			name = "Supporting Files";
			sourceTree = "<group>";
		};
		459E76A716653B770052945E /* testAppTests */ = {
			isa = PBXGroup;
			children = (
				459E76AD16653B770052945E /* testAppTests.h */,
				459E76AE16653B770052945E /* testAppTests.m */,
				459E76A816653B770052945E /* Supporting Files */,
			);
			path = testAppTests;
			sourceTree = "<group>";
		};
		459E76A816653B770052945E /* Supporting Files */ = {
			isa = PBXGroup;
			children = (
				459E76A916653B770052945E /* testAppTests-Info.plist */,
				459E76AA16653B770052945E /* InfoPlist.strings */,
			);
			name = "Supporting Files";
			sourceTree = "<group>";
		};
/* End PBXGroup section */

/* Begin PBXNativeTarget section */
		459E767516653B760052945E /* testApp */ = {
			isa = PBXNativeTarget;
			buildConfigurationList = 459E76B216653B770052945E /* Build configuration list for PBXNativeTarget "testApp" */;
			buildPhases = (
				459E767216653B760052945E /* Sources */,
				459E767316653B760052945E /* Frameworks */,
				459E767416653B760052945E /* Resources */,
			);
			buildRules = (
			);
			dependencies = (
			);
			name = testApp;
			productName = testApp;
			productReference = 459E767616653B760052945E /* testApp.app */;
			productType = "com.apple.product-type.application";
		};
		459E769F16653B770052945E /* testAppTests */ = {
			isa = PBXNativeTarget;
			buildConfigurationList = 459E76B516653B770052945E /* Build configuration list for PBXNativeTarget "testAppTests" */;
			buildPhases = (
				459E769B16653B770052945E /* Sources */,
				459E769C16653B770052945E /* Frameworks */,
				459E769D16653B770052945E /* Resources */,
				459E769E16653B770052945E /* ShellScript */,
			);
			buildRules = (
			);
			dependencies = (
				459E76A616653B770052945E /* PBXTargetDependency */,
			);
			name = testAppTests;
			productName = testAppTests;
			productReference = 459E76A016653B770052945E /* testAppTests.octest */;
			productType = "com.apple.product-type.bundle";
		};
/* End PBXNativeTarget section */

/* Begin PBXProject section */
		459E766D16653B760052945E /* Project object */ = {
			isa = PBXProject;
			attributes = {
				LastUpgradeCheck = 0450;
				ORGANIZATIONNAME = "Derek Bertubin";
			};
			buildConfigurationList = 459E767016653B760052945E /* Build configuration list for PBXProject "testApp" */;
			compatibilityVersion = "Xcode 3.2";
			developmentRegion = English;
			hasScannedForEncodings = 0;
			knownRegions = (
				en,
			);
			mainGroup = 459E766B16653B760052945E;
			productRefGroup = 459E767716653B760052945E /* Products */;
			projectDirPath = "";
			projectRoot = "";
			targets = (
				459E767516653B760052945E /* testApp */,
				459E769F16653B770052945E /* testAppTests */,
			);
		};
/* End PBXProject section */

/* Begin PBXResourcesBuildPhase section */
		459E767416653B760052945E /* Resources */ = {
			isa = PBXResourcesBuildPhase;
			buildActionMask = 2147483647;
			files = (
				459E768516653B760052945E /* InfoPlist.strings in Resources */,
				459E768D16653B760052945E /* Default.png in Resources */,
				459E768F16653B760052945E /* Default@2x.png in Resources */,
				459E769116653B760052945E /* Default-568h@2x.png in Resources */,
				459E769416653B760052945E /* MainStoryboard_iPhone.storyboard in Resources */,
			);
			runOnlyForDeploymentPostprocessing = 0;
		};
		459E769D16653B770052945E /* Resources */ = {
			isa = PBXResourcesBuildPhase;
			buildActionMask = 2147483647;
			files = (
				459E76AC16653B770052945E /* InfoPlist.strings in Resources */,
			);
			runOnlyForDeploymentPostprocessing = 0;
		};
/* End PBXResourcesBuildPhase section */

/* Begin PBXShellScriptBuildPhase section */
		459E769E16653B770052945E /* ShellScript */ = {
			isa = PBXShellScriptBuildPhase;
			buildActionMask = 2147483647;
			files = (
			);
			inputPaths = (
			);
			outputPaths = (
			);
			runOnlyForDeploymentPostprocessing = 0;
			shellPath = /bin/sh;
			shellScript = "# Run the unit tests in this test bundle.\n\"${SYSTEM_DEVELOPER_DIR}/Tools/RunUnitTests\"\n";
		};
/* End PBXShellScriptBuildPhase section */

/* Begin PBXSourcesBuildPhase section */
		459E767216653B760052945E /* Sources */ = {
			isa = PBXSourcesBuildPhase;
			buildActionMask = 2147483647;
			files = (
				459E768716653B760052945E /* main.m in Sources */,
				459E768B16653B760052945E /* AppDelegate.m in Sources */,
				459E769A16653B760052945E /* ViewController.m in Sources */,
			);
			runOnlyForDeploymentPostprocessing = 0;
		};
		459E769B16653B770052945E /* Sources */ = {
			isa = PBXSourcesBuildPhase;
			buildActionMask = 2147483647;
			files = (
				459E76AF16653B770052945E /* testAppTests.m in Sources */,
			);
			runOnlyForDeploymentPostprocessing = 0;
		};
/* End PBXSourcesBuildPhase section */

/* Begin PBXTargetDependency section */
		459E76A616653B770052945E /* PBXTargetDependency */ = {
			isa = PBXTargetDependency;
			target = 459E767516653B760052945E /* testApp */;
			targetProxy = 459E76A516653B770052945E /* PBXContainerItemProxy */;
		};
/* End PBXTargetDependency section */

/* Begin PBXVariantGroup section */
		459E768316653B760052945E /* InfoPlist.strings */ = {
			isa = PBXVariantGroup;
			children = (
				459E768416653B760052945E /* en */,
			);
			name = InfoPlist.strings;
			sourceTree = "<group>";
		};
		459E769216653B760052945E /* MainStoryboard_iPhone.storyboard */ = {
			isa = PBXVariantGroup;
			children = (
				459E769316653B760052945E /* en */,
			);
			name = MainStoryboard_iPhone.storyboard;
			sourceTree = "<group>";
		};
		459E76AA16653B770052945E /* InfoPlist.strings */ = {
			isa = PBXVariantGroup;
			children = (
				459E76AB16653B770052945E /* en */,
			);
			name = InfoPlist.strings;
			sourceTree = "<group>";
		};
/* End PBXVariantGroup section */

/* Begin XCBuildConfiguration section */
		459E76B016653B770052945E /* Debug */ = {
			isa = XCBuildConfiguration;
			buildSettings = {
				ALWAYS_SEARCH_USER_PATHS = NO;
				CLANG_CXX_LANGUAGE_STANDARD = "gnu++0x";
				CLANG_CXX_LIBRARY = "libc++";
				CLANG_ENABLE_OBJC_ARC = YES;
				CLANG_WARN_EMPTY_BODY = YES;
				CLANG_WARN__DUPLICATE_METHOD_MATCH = YES;
				"CODE_SIGN_IDENTITY[sdk=iphoneos*]" = "iPhone Developer";
				COPY_PHASE_STRIP = NO;
				GCC_C_LANGUAGE_STANDARD = gnu99;
				GCC_DYNAMIC_NO_PIC = NO;
				GCC_OPTIMIZATION_LEVEL = 0;
				GCC_PREPROCESSOR_DEFINITIONS = (
					"DEBUG=1",
					"$(inherited)",
				);
				GCC_SYMBOLS_PRIVATE_EXTERN = NO;
				GCC_WARN_ABOUT_RETURN_TYPE = YES;
				GCC_WARN_UNINITIALIZED_AUTOS = YES;
				GCC_WARN_UNUSED_VARIABLE = YES;
				IPHONEOS_DEPLOYMENT_TARGET = 6.0;
				ONLY_ACTIVE_ARCH = YES;
				SDKROOT = iphoneos;
				TARGETED_DEVICE_FAMILY = "1,2";
			};
			name = Debug;
		};
		459E76B116653B770052945E /* Release */ = {
			isa = XCBuildConfiguration;
			buildSettings = {
				ALWAYS_SEARCH_USER_PATHS = NO;
				CLANG_CXX_LANGUAGE_STANDARD = "gnu++0x";
				CLANG_CXX_LIBRARY = "libc++";
				CLANG_ENABLE_OBJC_ARC = YES;
				CLANG_WARN_EMPTY_BODY = YES;
				CLANG_WARN__DUPLICATE_METHOD_MATCH = YES;
				"CODE_SIGN_IDENTITY[sdk=iphoneos*]" = "iPhone Developer";
				COPY_PHASE_STRIP = YES;
				GCC_C_LANGUAGE_STANDARD = gnu99;
				GCC_WARN_ABOUT_RETURN_TYPE = YES;
				GCC_WARN_UNINITIALIZED_AUTOS = YES;
				GCC_WARN_UNUSED_VARIABLE = YES;
				IPHONEOS_DEPLOYMENT_TARGET = 6.0;
				OTHER_CFLAGS = "-DNS_BLOCK_ASSERTIONS=1";
				SDKROOT = iphoneos;
				TARGETED_DEVICE_FAMILY = "1,2";
				VALIDATE_PRODUCT = YES;
			};
			name = Release;
		};
		459E76B316653B770052945E /* Debug */ = {
			isa = XCBuildConfiguration;
			buildSettings = {
				GCC_PRECOMPILE_PREFIX_HEADER = YES;
				GCC_PREFIX_HEADER = "testApp/testApp-Prefix.pch";
				INFOPLIST_FILE = "testApp/testApp-Info.plist";
				PRODUCT_NAME = "$(TARGET_NAME)";
				WRAPPER_EXTENSION = app;
			};
			name = Debug;
		};
		459E76B416653B770052945E /* Release */ = {
			isa = XCBuildConfiguration;
			buildSettings = {
				GCC_PRECOMPILE_PREFIX_HEADER = YES;
				GCC_PREFIX_HEADER = "testApp/testApp-Prefix.pch";
				INFOPLIST_FILE = "testApp/testApp-Info.plist";
				PRODUCT_NAME = "$(TARGET_NAME)";
				WRAPPER_EXTENSION = app;
			};
			name = Release;
		};
		459E76B616653B770052945E /* Debug */ = {
			isa = XCBuildConfiguration;
			buildSettings = {
				BUNDLE_LOADER = "$(BUILT_PRODUCTS_DIR)/testApp.app/testApp";
				FRAMEWORK_SEARCH_PATHS = (
					"\"$(SDKROOT)/Developer/Library/Frameworks\"",
					"\"$(DEVELOPER_LIBRARY_DIR)/Frameworks\"",
				);
				GCC_PRECOMPILE_PREFIX_HEADER = YES;
				GCC_PREFIX_HEADER = "testApp/testApp-Prefix.pch";
				INFOPLIST_FILE = "testAppTests/testAppTests-Info.plist";
				PRODUCT_NAME = "$(TARGET_NAME)";
				TEST_HOST = "$(BUNDLE_LOADER)";
				WRAPPER_EXTENSION = octest;
			};
			name = Debug;
		};
		459E76B716653B770052945E /* Release */ = {
			isa = XCBuildConfiguration;
			buildSettings = {
				BUNDLE_LOADER = "$(BUILT_PRODUCTS_DIR)/testApp.app/testApp";
				FRAMEWORK_SEARCH_PATHS = (
					"\"$(SDKROOT)/Developer/Library/Frameworks\"",
					"\"$(DEVELOPER_LIBRARY_DIR)/Frameworks\"",
				);
				GCC_PRECOMPILE_PREFIX_HEADER = YES;
				GCC_PREFIX_HEADER = "testApp/testApp-Prefix.pch";
				INFOPLIST_FILE = "testAppTests/testAppTests-Info.plist";
				PRODUCT_NAME = "$(TARGET_NAME)";
				TEST_HOST = "$(BUNDLE_LOADER)";
				WRAPPER_EXTENSION = octest;
			};
			name = Release;
		};
/* End XCBuildConfiguration section */

/* Begin XCConfigurationList section */
		459E767016653B760052945E /* Build configuration list for PBXProject "testApp" */ = {
			isa = XCConfigurationList;
			buildConfigurations = (
				459E76B016653B770052945E /* Debug */,
				459E76B116653B770052945E /* Release */,
			);
			defaultConfigurationIsVisible = 0;
			defaultConfigurationName = Release;
		};
		459E76B216653B770052945E /* Build configuration list for PBXNativeTarget "testApp" */ = {
			isa = XCConfigurationList;
			buildConfigurations = (
				459E76B316653B770052945E /* Debug */,
				459E76B416653B770052945E /* Release */,
			);
			defaultConfigurationIsVisible = 0;
		};
		459E76B516653B770052945E /* Build configuration list for PBXNativeTarget "testAppTests" */ = {
			isa = XCConfigurationList;
			buildConfigurations = (
				459E76B616653B770052945E /* Debug */,
				459E76B716653B770052945E /* Release */,
			);
			defaultConfigurationIsVisible = 0;
		};
/* End XCConfigurationList section */
	};
	rootObject = 459E766D16653B760052945E /* Project object */;
}
