// !$*UTF8*$!
{
	archiveVersion = 1;
	classes = {
	};
	objectVersion = 46;
	objects = {

/* Begin PBXBuildFile section */
		45026BF916667FC60058C7CE /* UIKit.framework in Frameworks */ = {isa = PBXBuildFile; fileRef = 45026BF816667FC60058C7CE /* UIKit.framework */; };
		45026BFB16667FC60058C7CE /* Foundation.framework in Frameworks */ = {isa = PBXBuildFile; fileRef = 45026BFA16667FC60058C7CE /* Foundation.framework */; };
		45026BFD16667FC60058C7CE /* CoreGraphics.framework in Frameworks */ = {isa = PBXBuildFile; fileRef = 45026BFC16667FC60058C7CE /* CoreGraphics.framework */; };
		45026C0316667FC60058C7CE /* InfoPlist.strings in Resources */ = {isa = PBXBuildFile; fileRef = 45026C0116667FC60058C7CE /* InfoPlist.strings */; };
		45026C0516667FC60058C7CE /* main.m in Sources */ = {isa = PBXBuildFile; fileRef = 45026C0416667FC60058C7CE /* main.m */; };
		45026C0916667FC60058C7CE /* AppDelegate.m in Sources */ = {isa = PBXBuildFile; fileRef = 45026C0816667FC60058C7CE /* AppDelegate.m */; };
		45026C0B16667FC60058C7CE /* Default.png in Resources */ = {isa = PBXBuildFile; fileRef = 45026C0A16667FC60058C7CE /* Default.png */; };
		45026C0D16667FC60058C7CE /* Default@2x.png in Resources */ = {isa = PBXBuildFile; fileRef = 45026C0C16667FC60058C7CE /* Default@2x.png */; };
		45026C0F16667FC60058C7CE /* Default-568h@2x.png in Resources */ = {isa = PBXBuildFile; fileRef = 45026C0E16667FC60058C7CE /* Default-568h@2x.png */; };
		45026C1216667FC60058C7CE /* MainStoryboard.storyboard in Resources */ = {isa = PBXBuildFile; fileRef = 45026C1016667FC60058C7CE /* MainStoryboard.storyboard */; };
		45026C1516667FC60058C7CE /* FirstViewController.m in Sources */ = {isa = PBXBuildFile; fileRef = 45026C1416667FC60058C7CE /* FirstViewController.m */; };
		45026C1716667FC60058C7CE /* first.png in Resources */ = {isa = PBXBuildFile; fileRef = 45026C1616667FC60058C7CE /* first.png */; };
		45026C1916667FC60058C7CE /* first@2x.png in Resources */ = {isa = PBXBuildFile; fileRef = 45026C1816667FC60058C7CE /* first@2x.png */; };
		45026C1E16667FC60058C7CE /* second.png in Resources */ = {isa = PBXBuildFile; fileRef = 45026C1D16667FC60058C7CE /* second.png */; };
		45026C2016667FC60058C7CE /* second@2x.png in Resources */ = {isa = PBXBuildFile; fileRef = 45026C1F16667FC60058C7CE /* second@2x.png */; };
		45026C28166682120058C7CE /* TableViewController.m in Sources */ = {isa = PBXBuildFile; fileRef = 45026C27166682120058C7CE /* TableViewController.m */; };
		45026C2B1666823B0058C7CE /* DetailViewController.m in Sources */ = {isa = PBXBuildFile; fileRef = 45026C2A1666823B0058C7CE /* DetailViewController.m */; };
		45026C2E166683A00058C7CE /* CustomCell.m in Sources */ = {isa = PBXBuildFile; fileRef = 45026C2D166683A00058C7CE /* CustomCell.m */; };
		45026C31166684A40058C7CE /* NavigationViewController.m in Sources */ = {isa = PBXBuildFile; fileRef = 45026C30166684A30058C7CE /* NavigationViewController.m */; };
		45026C33166686BE0058C7CE /* Home.png in Resources */ = {isa = PBXBuildFile; fileRef = 45026C32166686BE0058C7CE /* Home.png */; };
		45026C361666875F0058C7CE /* list view.png in Resources */ = {isa = PBXBuildFile; fileRef = 45026C341666875F0058C7CE /* list view.png */; };
		45026C371666875F0058C7CE /* Paper plane.png in Resources */ = {isa = PBXBuildFile; fileRef = 45026C351666875F0058C7CE /* Paper plane.png */; };
/* End PBXBuildFile section */

/* Begin PBXFileReference section */
		45026BF416667FC60058C7CE /* project 2.app */ = {isa = PBXFileReference; explicitFileType = wrapper.application; includeInIndex = 0; path = "project 2.app"; sourceTree = BUILT_PRODUCTS_DIR; };
		45026BF816667FC60058C7CE /* UIKit.framework */ = {isa = PBXFileReference; lastKnownFileType = wrapper.framework; name = UIKit.framework; path = System/Library/Frameworks/UIKit.framework; sourceTree = SDKROOT; };
		45026BFA16667FC60058C7CE /* Foundation.framework */ = {isa = PBXFileReference; lastKnownFileType = wrapper.framework; name = Foundation.framework; path = System/Library/Frameworks/Foundation.framework; sourceTree = SDKROOT; };
		45026BFC16667FC60058C7CE /* CoreGraphics.framework */ = {isa = PBXFileReference; lastKnownFileType = wrapper.framework; name = CoreGraphics.framework; path = System/Library/Frameworks/CoreGraphics.framework; sourceTree = SDKROOT; };
		45026C0016667FC60058C7CE /* project 2-Info.plist */ = {isa = PBXFileReference; lastKnownFileType = text.plist.xml; path = "project 2-Info.plist"; sourceTree = "<group>"; };
		45026C0216667FC60058C7CE /* en */ = {isa = PBXFileReference; lastKnownFileType = text.plist.strings; name = en; path = en.lproj/InfoPlist.strings; sourceTree = "<group>"; };
		45026C0416667FC60058C7CE /* main.m */ = {isa = PBXFileReference; lastKnownFileType = sourcecode.c.objc; path = main.m; sourceTree = "<group>"; };
		45026C0616667FC60058C7CE /* project 2-Prefix.pch */ = {isa = PBXFileReference; lastKnownFileType = sourcecode.c.h; path = "project 2-Prefix.pch"; sourceTree = "<group>"; };
		45026C0716667FC60058C7CE /* AppDelegate.h */ = {isa = PBXFileReference; lastKnownFileType = sourcecode.c.h; path = AppDelegate.h; sourceTree = "<group>"; };
		45026C0816667FC60058C7CE /* AppDelegate.m */ = {isa = PBXFileReference; lastKnownFileType = sourcecode.c.objc; path = AppDelegate.m; sourceTree = "<group>"; };
		45026C0A16667FC60058C7CE /* Default.png */ = {isa = PBXFileReference; lastKnownFileType = image.png; path = Default.png; sourceTree = "<group>"; };
		45026C0C16667FC60058C7CE /* Default@2x.png */ = {isa = PBXFileReference; lastKnownFileType = image.png; path = "Default@2x.png"; sourceTree = "<group>"; };
		45026C0E16667FC60058C7CE /* Default-568h@2x.png */ = {isa = PBXFileReference; lastKnownFileType = image.png; path = "Default-568h@2x.png"; sourceTree = "<group>"; };
		45026C1116667FC60058C7CE /* en */ = {isa = PBXFileReference; lastKnownFileType = file.storyboard; name = en; path = en.lproj/MainStoryboard.storyboard; sourceTree = "<group>"; };
		45026C1316667FC60058C7CE /* FirstViewController.h */ = {isa = PBXFileReference; lastKnownFileType = sourcecode.c.h; path = FirstViewController.h; sourceTree = "<group>"; };
		45026C1416667FC60058C7CE /* FirstViewController.m */ = {isa = PBXFileReference; lastKnownFileType = sourcecode.c.objc; path = FirstViewController.m; sourceTree = "<group>"; };
		45026C1616667FC60058C7CE /* first.png */ = {isa = PBXFileReference; lastKnownFileType = image.png; path = first.png; sourceTree = "<group>"; };
		45026C1816667FC60058C7CE /* first@2x.png */ = {isa = PBXFileReference; lastKnownFileType = image.png; path = "first@2x.png"; sourceTree = "<group>"; };
		45026C1D16667FC60058C7CE /* second.png */ = {isa = PBXFileReference; lastKnownFileType = image.png; path = second.png; sourceTree = "<group>"; };
		45026C1F16667FC60058C7CE /* second@2x.png */ = {isa = PBXFileReference; lastKnownFileType = image.png; path = "second@2x.png"; sourceTree = "<group>"; };
		45026C26166682120058C7CE /* TableViewController.h */ = {isa = PBXFileReference; fileEncoding = 4; lastKnownFileType = sourcecode.c.h; path = TableViewController.h; sourceTree = "<group>"; };
		45026C27166682120058C7CE /* TableViewController.m */ = {isa = PBXFileReference; fileEncoding = 4; lastKnownFileType = sourcecode.c.objc; path = TableViewController.m; sourceTree = "<group>"; };
		45026C291666823B0058C7CE /* DetailViewController.h */ = {isa = PBXFileReference; fileEncoding = 4; lastKnownFileType = sourcecode.c.h; path = DetailViewController.h; sourceTree = "<group>"; };
		45026C2A1666823B0058C7CE /* DetailViewController.m */ = {isa = PBXFileReference; fileEncoding = 4; lastKnownFileType = sourcecode.c.objc; path = DetailViewController.m; sourceTree = "<group>"; };
		45026C2C166683A00058C7CE /* CustomCell.h */ = {isa = PBXFileReference; fileEncoding = 4; lastKnownFileType = sourcecode.c.h; path = CustomCell.h; sourceTree = "<group>"; };
		45026C2D166683A00058C7CE /* CustomCell.m */ = {isa = PBXFileReference; fileEncoding = 4; lastKnownFileType = sourcecode.c.objc; path = CustomCell.m; sourceTree = "<group>"; };
		45026C2F166684A30058C7CE /* NavigationViewController.h */ = {isa = PBXFileReference; fileEncoding = 4; lastKnownFileType = sourcecode.c.h; path = NavigationViewController.h; sourceTree = "<group>"; };
		45026C30166684A30058C7CE /* NavigationViewController.m */ = {isa = PBXFileReference; fileEncoding = 4; lastKnownFileType = sourcecode.c.objc; path = NavigationViewController.m; sourceTree = "<group>"; };
		45026C32166686BE0058C7CE /* Home.png */ = {isa = PBXFileReference; lastKnownFileType = image.png; name = Home.png; path = "../../../../../../Desktop/IconDeposit/Glyph UI Icon Set/Glyph UI Icon Set - PNG Files/Home.png"; sourceTree = "<group>"; };
		45026C341666875F0058C7CE /* list view.png */ = {isa = PBXFileReference; lastKnownFileType = image.png; name = "list view.png"; path = "../../../../../../Desktop/IconDeposit/Glyph UI Icon Set/Glyph UI Icon Set - PNG Files/list view.png"; sourceTree = "<group>"; };
		45026C351666875F0058C7CE /* Paper plane.png */ = {isa = PBXFileReference; lastKnownFileType = image.png; name = "Paper plane.png"; path = "../../../../../../Desktop/IconDeposit/Glyph UI Icon Set/Glyph UI Icon Set - PNG Files/Paper plane.png"; sourceTree = "<group>"; };
/* End PBXFileReference section */

/* Begin PBXFrameworksBuildPhase section */
		45026BF116667FC60058C7CE /* Frameworks */ = {
			isa = PBXFrameworksBuildPhase;
			buildActionMask = 2147483647;
			files = (
				45026BF916667FC60058C7CE /* UIKit.framework in Frameworks */,
				45026BFB16667FC60058C7CE /* Foundation.framework in Frameworks */,
				45026BFD16667FC60058C7CE /* CoreGraphics.framework in Frameworks */,
			);
			runOnlyForDeploymentPostprocessing = 0;
		};
/* End PBXFrameworksBuildPhase section */

/* Begin PBXGroup section */
		45026BE916667FC60058C7CE = {
			isa = PBXGroup;
			children = (
				45026BFE16667FC60058C7CE /* project 2 */,
				45026BF716667FC60058C7CE /* Frameworks */,
				45026BF516667FC60058C7CE /* Products */,
			);
			sourceTree = "<group>";
		};
		45026BF516667FC60058C7CE /* Products */ = {
			isa = PBXGroup;
			children = (
				45026BF416667FC60058C7CE /* project 2.app */,
			);
			name = Products;
			sourceTree = "<group>";
		};
		45026BF716667FC60058C7CE /* Frameworks */ = {
			isa = PBXGroup;
			children = (
				45026BF816667FC60058C7CE /* UIKit.framework */,
				45026BFA16667FC60058C7CE /* Foundation.framework */,
				45026BFC16667FC60058C7CE /* CoreGraphics.framework */,
			);
			name = Frameworks;
			sourceTree = "<group>";
		};
		45026BFE16667FC60058C7CE /* project 2 */ = {
			isa = PBXGroup;
			children = (
				45026C341666875F0058C7CE /* list view.png */,
				45026C351666875F0058C7CE /* Paper plane.png */,
				45026C0716667FC60058C7CE /* AppDelegate.h */,
				45026C0816667FC60058C7CE /* AppDelegate.m */,
				45026C1016667FC60058C7CE /* MainStoryboard.storyboard */,
				45026C1316667FC60058C7CE /* FirstViewController.h */,
				45026C1416667FC60058C7CE /* FirstViewController.m */,
				45026C1616667FC60058C7CE /* first.png */,
				45026C32166686BE0058C7CE /* Home.png */,
				45026C1816667FC60058C7CE /* first@2x.png */,
				45026C2F166684A30058C7CE /* NavigationViewController.h */,
				45026C30166684A30058C7CE /* NavigationViewController.m */,
				45026C1D16667FC60058C7CE /* second.png */,
				45026C1F16667FC60058C7CE /* second@2x.png */,
				45026C2C166683A00058C7CE /* CustomCell.h */,
				45026C2D166683A00058C7CE /* CustomCell.m */,
				45026C26166682120058C7CE /* TableViewController.h */,
				45026C27166682120058C7CE /* TableViewController.m */,
				45026C291666823B0058C7CE /* DetailViewController.h */,
				45026C2A1666823B0058C7CE /* DetailViewController.m */,
				45026BFF16667FC60058C7CE /* Supporting Files */,
			);
			path = "project 2";
			sourceTree = "<group>";
		};
		45026BFF16667FC60058C7CE /* Supporting Files */ = {
			isa = PBXGroup;
			children = (
				45026C0016667FC60058C7CE /* project 2-Info.plist */,
				45026C0116667FC60058C7CE /* InfoPlist.strings */,
				45026C0416667FC60058C7CE /* main.m */,
				45026C0616667FC60058C7CE /* project 2-Prefix.pch */,
				45026C0A16667FC60058C7CE /* Default.png */,
				45026C0C16667FC60058C7CE /* Default@2x.png */,
				45026C0E16667FC60058C7CE /* Default-568h@2x.png */,
			);
			name = "Supporting Files";
			sourceTree = "<group>";
		};
/* End PBXGroup section */

/* Begin PBXNativeTarget section */
		45026BF316667FC60058C7CE /* project 2 */ = {
			isa = PBXNativeTarget;
			buildConfigurationList = 45026C2316667FC60058C7CE /* Build configuration list for PBXNativeTarget "project 2" */;
			buildPhases = (
				45026BF016667FC60058C7CE /* Sources */,
				45026BF116667FC60058C7CE /* Frameworks */,
				45026BF216667FC60058C7CE /* Resources */,
			);
			buildRules = (
			);
			dependencies = (
			);
			name = "project 2";
			productName = "project 2";
			productReference = 45026BF416667FC60058C7CE /* project 2.app */;
			productType = "com.apple.product-type.application";
		};
/* End PBXNativeTarget section */

/* Begin PBXProject section */
		45026BEB16667FC60058C7CE /* Project object */ = {
			isa = PBXProject;
			attributes = {
				LastUpgradeCheck = 0450;
				ORGANIZATIONNAME = "Derek Bertubin";
			};
			buildConfigurationList = 45026BEE16667FC60058C7CE /* Build configuration list for PBXProject "project 2" */;
			compatibilityVersion = "Xcode 3.2";
			developmentRegion = English;
			hasScannedForEncodings = 0;
			knownRegions = (
				en,
			);
			mainGroup = 45026BE916667FC60058C7CE;
			productRefGroup = 45026BF516667FC60058C7CE /* Products */;
			projectDirPath = "";
			projectRoot = "";
			targets = (
				45026BF316667FC60058C7CE /* project 2 */,
			);
		};
/* End PBXProject section */

/* Begin PBXResourcesBuildPhase section */
		45026BF216667FC60058C7CE /* Resources */ = {
			isa = PBXResourcesBuildPhase;
			buildActionMask = 2147483647;
			files = (
				45026C0316667FC60058C7CE /* InfoPlist.strings in Resources */,
				45026C0B16667FC60058C7CE /* Default.png in Resources */,
				45026C0D16667FC60058C7CE /* Default@2x.png in Resources */,
				45026C0F16667FC60058C7CE /* Default-568h@2x.png in Resources */,
				45026C1216667FC60058C7CE /* MainStoryboard.storyboard in Resources */,
				45026C1716667FC60058C7CE /* first.png in Resources */,
				45026C1916667FC60058C7CE /* first@2x.png in Resources */,
				45026C1E16667FC60058C7CE /* second.png in Resources */,
				45026C2016667FC60058C7CE /* second@2x.png in Resources */,
				45026C33166686BE0058C7CE /* Home.png in Resources */,
				45026C361666875F0058C7CE /* list view.png in Resources */,
				45026C371666875F0058C7CE /* Paper plane.png in Resources */,
			);
			runOnlyForDeploymentPostprocessing = 0;
		};
/* End PBXResourcesBuildPhase section */

/* Begin PBXSourcesBuildPhase section */
		45026BF016667FC60058C7CE /* Sources */ = {
			isa = PBXSourcesBuildPhase;
			buildActionMask = 2147483647;
			files = (
				45026C0516667FC60058C7CE /* main.m in Sources */,
				45026C0916667FC60058C7CE /* AppDelegate.m in Sources */,
				45026C1516667FC60058C7CE /* FirstViewController.m in Sources */,
				45026C28166682120058C7CE /* TableViewController.m in Sources */,
				45026C2B1666823B0058C7CE /* DetailViewController.m in Sources */,
				45026C2E166683A00058C7CE /* CustomCell.m in Sources */,
				45026C31166684A40058C7CE /* NavigationViewController.m in Sources */,
			);
			runOnlyForDeploymentPostprocessing = 0;
		};
/* End PBXSourcesBuildPhase section */

/* Begin PBXVariantGroup section */
		45026C0116667FC60058C7CE /* InfoPlist.strings */ = {
			isa = PBXVariantGroup;
			children = (
				45026C0216667FC60058C7CE /* en */,
			);
			name = InfoPlist.strings;
			sourceTree = "<group>";
		};
		45026C1016667FC60058C7CE /* MainStoryboard.storyboard */ = {
			isa = PBXVariantGroup;
			children = (
				45026C1116667FC60058C7CE /* en */,
			);
			name = MainStoryboard.storyboard;
			sourceTree = "<group>";
		};
/* End PBXVariantGroup section */

/* Begin XCBuildConfiguration section */
		45026C2116667FC60058C7CE /* Debug */ = {
			isa = XCBuildConfiguration;
			buildSettings = {
				ALWAYS_SEARCH_USER_PATHS = NO;
				CLANG_CXX_LANGUAGE_STANDARD = "gnu++0x";
				CLANG_CXX_LIBRARY = "libc++";
				CLANG_ENABLE_OBJC_ARC = YES;
				CLANG_WARN_EMPTY_BODY = YES;
				CLANG_WARN__DUPLICATE_METHOD_MATCH = YES;
				"CODE_SIGN_IDENTITY[sdk=iphoneos*]" = "iPhone Developer";
				COPY_PHASE_STRIP = NO;
				GCC_C_LANGUAGE_STANDARD = gnu99;
				GCC_DYNAMIC_NO_PIC = NO;
				GCC_OPTIMIZATION_LEVEL = 0;
				GCC_PREPROCESSOR_DEFINITIONS = (
					"DEBUG=1",
					"$(inherited)",
				);
				GCC_SYMBOLS_PRIVATE_EXTERN = NO;
				GCC_WARN_ABOUT_RETURN_TYPE = YES;
				GCC_WARN_UNINITIALIZED_AUTOS = YES;
				GCC_WARN_UNUSED_VARIABLE = YES;
				IPHONEOS_DEPLOYMENT_TARGET = 6.0;
				ONLY_ACTIVE_ARCH = YES;
				SDKROOT = iphoneos;
			};
			name = Debug;
		};
		45026C2216667FC60058C7CE /* Release */ = {
			isa = XCBuildConfiguration;
			buildSettings = {
				ALWAYS_SEARCH_USER_PATHS = NO;
				CLANG_CXX_LANGUAGE_STANDARD = "gnu++0x";
				CLANG_CXX_LIBRARY = "libc++";
				CLANG_ENABLE_OBJC_ARC = YES;
				CLANG_WARN_EMPTY_BODY = YES;
				CLANG_WARN__DUPLICATE_METHOD_MATCH = YES;
				"CODE_SIGN_IDENTITY[sdk=iphoneos*]" = "iPhone Developer";
				COPY_PHASE_STRIP = YES;
				GCC_C_LANGUAGE_STANDARD = gnu99;
				GCC_WARN_ABOUT_RETURN_TYPE = YES;
				GCC_WARN_UNINITIALIZED_AUTOS = YES;
				GCC_WARN_UNUSED_VARIABLE = YES;
				IPHONEOS_DEPLOYMENT_TARGET = 6.0;
				OTHER_CFLAGS = "-DNS_BLOCK_ASSERTIONS=1";
				SDKROOT = iphoneos;
				VALIDATE_PRODUCT = YES;
			};
			name = Release;
		};
		45026C2416667FC60058C7CE /* Debug */ = {
			isa = XCBuildConfiguration;
			buildSettings = {
				GCC_PRECOMPILE_PREFIX_HEADER = YES;
				GCC_PREFIX_HEADER = "project 2/project 2-Prefix.pch";
				INFOPLIST_FILE = "project 2/project 2-Info.plist";
				PRODUCT_NAME = "$(TARGET_NAME)";
				WRAPPER_EXTENSION = app;
			};
			name = Debug;
		};
		45026C2516667FC60058C7CE /* Release */ = {
			isa = XCBuildConfiguration;
			buildSettings = {
				GCC_PRECOMPILE_PREFIX_HEADER = YES;
				GCC_PREFIX_HEADER = "project 2/project 2-Prefix.pch";
				INFOPLIST_FILE = "project 2/project 2-Info.plist";
				PRODUCT_NAME = "$(TARGET_NAME)";
				WRAPPER_EXTENSION = app;
			};
			name = Release;
		};
/* End XCBuildConfiguration section */

/* Begin XCConfigurationList section */
		45026BEE16667FC60058C7CE /* Build configuration list for PBXProject "project 2" */ = {
			isa = XCConfigurationList;
			buildConfigurations = (
				45026C2116667FC60058C7CE /* Debug */,
				45026C2216667FC60058C7CE /* Release */,
			);
			defaultConfigurationIsVisible = 0;
			defaultConfigurationName = Release;
		};
		45026C2316667FC60058C7CE /* Build configuration list for PBXNativeTarget "project 2" */ = {
			isa = XCConfigurationList;
			buildConfigurations = (
				45026C2416667FC60058C7CE /* Debug */,
				45026C2516667FC60058C7CE /* Release */,
			);
			defaultConfigurationIsVisible = 0;
		};
/* End XCConfigurationList section */
	};
	rootObject = 45026BEB16667FC60058C7CE /* Project object */;
}
